
Microsoft Visual Studio Solution File, Format Version 12.00
# Visual Studio 15
VisualStudioVersion = 15.0.28010.2016
MinimumVisualStudioVersion = 10.0.40219.1
Project("{FAE04EC0-301F-11D3-BF4B-00C04F79EFBC}") = "Minimanimoji", "Minimanimoji\Minimanimoji.csproj", "{5A83910D-228E-4F5A-ADAA-EBF3C87E2EB4}"
EndProject
Global
	GlobalSection(SolutionConfigurationPlatforms) = preSolution
		Debug|Any CPU = Debug|Any CPU
		Release|Any CPU = Release|Any CPU
	EndGlobalSection
	GlobalSection(ProjectConfigurationPlatforms) = postSolution
		{5A83910D-228E-4F5A-ADAA-EBF3C87E2EB4}.Debug|Any CPU.ActiveCfg = Debug|Any CPU
		{5A83910D-228E-4F5A-ADAA-EBF3C87E2EB4}.Debug|Any CPU.Build.0 = Debug|Any CPU
		{5A83910D-228E-4F5A-ADAA-EBF3C87E2EB4}.Release|Any CPU.ActiveCfg = Release|Any CPU
		{5A83910D-228E-4F5A-ADAA-EBF3C87E2EB4}.Release|Any CPU.Build.0 = Release|Any CPU
	EndGlobalSection
	GlobalSection(SolutionProperties) = preSolution
		HideSolutionNode = FALSE
	EndGlobalSection
	GlobalSection(ExtensibilityGlobals) = postSolution
		SolutionGuid = {7F1E4BE2-7746-410F-ACA3-CAE33145E29A}
	EndGlobalSection
EndGlobal
